
Microsoft Visual Studio Solution File, Format Version 12.00
# Visual Studio Version 17
VisualStudioVersion = 17.11.35312.102
MinimumVisualStudioVersion = 10.0.40219.1
Project("{9A19103F-16F7-4668-BE54-9A1E7A4F7556}") = "AncTeBasic", "AncTeBasic.csproj", "{DE08347B-C190-44DC-9935-248D52640039}"
EndProject
Global
	GlobalSection(SolutionConfigurationPlatforms) = preSolution
		Debug|Any CPU = Debug|Any CPU
		Release|Any CPU = Release|Any CPU
	EndGlobalSection
	GlobalSection(ProjectConfigurationPlatforms) = postSolution
		{DE08347B-C190-44DC-9935-248D52640039}.Debug|Any CPU.ActiveCfg = Debug|Any CPU
		{DE08347B-C190-44DC-9935-248D52640039}.Debug|Any CPU.Build.0 = Debug|Any CPU
		{DE08347B-C190-44DC-9935-248D52640039}.Release|Any CPU.ActiveCfg = Release|Any CPU
		{DE08347B-C190-44DC-9935-248D52640039}.Release|Any CPU.Build.0 = Release|Any CPU
	EndGlobalSection
	GlobalSection(SolutionProperties) = preSolution
		HideSolutionNode = FALSE
	EndGlobalSection
	GlobalSection(ExtensibilityGlobals) = postSolution
		SolutionGuid = {0EFE9816-48FD-4477-AC93-61CD0BF38182}
	EndGlobalSection
EndGlobal
